
Microsoft Visual Studio Solution File, Format Version 12.00
# Visual Studio Version 17
VisualStudioVersion = 17.1.32210.238
MinimumVisualStudioVersion = 10.0.40219.1
Project("{FAE04EC0-301F-11D3-BF4B-00C04F79EFBC}") = "Tsystem_classAssignment_enum", "Tsystem_classAssignment_enum\Tsystem_classAssignment_enum.csproj", "{70C786EF-A87A-40A3-855F-3483DA4B65BD}"
EndProject
Global
	GlobalSection(SolutionConfigurationPlatforms) = preSolution
		Debug|Any CPU = Debug|Any CPU
		Release|Any CPU = Release|Any CPU
	EndGlobalSection
	GlobalSection(ProjectConfigurationPlatforms) = postSolution
		{70C786EF-A87A-40A3-855F-3483DA4B65BD}.Debug|Any CPU.ActiveCfg = Debug|Any CPU
		{70C786EF-A87A-40A3-855F-3483DA4B65BD}.Debug|Any CPU.Build.0 = Debug|Any CPU
		{70C786EF-A87A-40A3-855F-3483DA4B65BD}.Release|Any CPU.ActiveCfg = Release|Any CPU
		{70C786EF-A87A-40A3-855F-3483DA4B65BD}.Release|Any CPU.Build.0 = Release|Any CPU
	EndGlobalSection
	GlobalSection(SolutionProperties) = preSolution
		HideSolutionNode = FALSE
	EndGlobalSection
	GlobalSection(ExtensibilityGlobals) = postSolution
		SolutionGuid = {EE306CCF-E031-41E8-97FF-E24A95DB1E55}
	EndGlobalSection
EndGlobal
