
Microsoft Visual Studio Solution File, Format Version 12.00
# Visual Studio Version 17
VisualStudioVersion = 17.1.32210.238
MinimumVisualStudioVersion = 10.0.40219.1
Project("{FAE04EC0-301F-11D3-BF4B-00C04F79EFBC}") = "Tsystem_Operator", "Tsystem_Operator\Tsystem_Operator.csproj", "{5DE79411-A73F-454A-8B10-4968D58372AC}"
EndProject
Global
	GlobalSection(SolutionConfigurationPlatforms) = preSolution
		Debug|Any CPU = Debug|Any CPU
		Release|Any CPU = Release|Any CPU
	EndGlobalSection
	GlobalSection(ProjectConfigurationPlatforms) = postSolution
		{5DE79411-A73F-454A-8B10-4968D58372AC}.Debug|Any CPU.ActiveCfg = Debug|Any CPU
		{5DE79411-A73F-454A-8B10-4968D58372AC}.Debug|Any CPU.Build.0 = Debug|Any CPU
		{5DE79411-A73F-454A-8B10-4968D58372AC}.Release|Any CPU.ActiveCfg = Release|Any CPU
		{5DE79411-A73F-454A-8B10-4968D58372AC}.Release|Any CPU.Build.0 = Release|Any CPU
	EndGlobalSection
	GlobalSection(SolutionProperties) = preSolution
		HideSolutionNode = FALSE
	EndGlobalSection
	GlobalSection(ExtensibilityGlobals) = postSolution
		SolutionGuid = {A86DC5E5-6466-4A26-9ABA-C96E17476881}
	EndGlobalSection
EndGlobal
