
Microsoft Visual Studio Solution File, Format Version 12.00
# Visual Studio Version 17
VisualStudioVersion = 17.1.32210.238
MinimumVisualStudioVersion = 10.0.40219.1
Project("{FAE04EC0-301F-11D3-BF4B-00C04F79EFBC}") = "Tsystem_greaterthan10", "Tsystem_greaterthan10\Tsystem_greaterthan10.csproj", "{58A00A2A-12E7-40A9-80C1-335AB7967245}"
EndProject
Global
	GlobalSection(SolutionConfigurationPlatforms) = preSolution
		Debug|Any CPU = Debug|Any CPU
		Release|Any CPU = Release|Any CPU
	EndGlobalSection
	GlobalSection(ProjectConfigurationPlatforms) = postSolution
		{58A00A2A-12E7-40A9-80C1-335AB7967245}.Debug|Any CPU.ActiveCfg = Debug|Any CPU
		{58A00A2A-12E7-40A9-80C1-335AB7967245}.Debug|Any CPU.Build.0 = Debug|Any CPU
		{58A00A2A-12E7-40A9-80C1-335AB7967245}.Release|Any CPU.ActiveCfg = Release|Any CPU
		{58A00A2A-12E7-40A9-80C1-335AB7967245}.Release|Any CPU.Build.0 = Release|Any CPU
	EndGlobalSection
	GlobalSection(SolutionProperties) = preSolution
		HideSolutionNode = FALSE
	EndGlobalSection
	GlobalSection(ExtensibilityGlobals) = postSolution
		SolutionGuid = {2E551208-2730-4420-BAAD-53FA1AE6B034}
	EndGlobalSection
EndGlobal
