
Microsoft Visual Studio Solution File, Format Version 12.00
# Visual Studio Version 17
VisualStudioVersion = 17.1.32210.238
MinimumVisualStudioVersion = 10.0.40219.1
Project("{FAE04EC0-301F-11D3-BF4B-00C04F79EFBC}") = "Tsystem_RelationalOperator_userinput", "Tsystem_RelationalOperator_userinput\Tsystem_RelationalOperator_userinput.csproj", "{EB0995C5-69B3-4F38-B569-A8C632B5BE31}"
EndProject
Global
	GlobalSection(SolutionConfigurationPlatforms) = preSolution
		Debug|Any CPU = Debug|Any CPU
		Release|Any CPU = Release|Any CPU
	EndGlobalSection
	GlobalSection(ProjectConfigurationPlatforms) = postSolution
		{EB0995C5-69B3-4F38-B569-A8C632B5BE31}.Debug|Any CPU.ActiveCfg = Debug|Any CPU
		{EB0995C5-69B3-4F38-B569-A8C632B5BE31}.Debug|Any CPU.Build.0 = Debug|Any CPU
		{EB0995C5-69B3-4F38-B569-A8C632B5BE31}.Release|Any CPU.ActiveCfg = Release|Any CPU
		{EB0995C5-69B3-4F38-B569-A8C632B5BE31}.Release|Any CPU.Build.0 = Release|Any CPU
	EndGlobalSection
	GlobalSection(SolutionProperties) = preSolution
		HideSolutionNode = FALSE
	EndGlobalSection
	GlobalSection(ExtensibilityGlobals) = postSolution
		SolutionGuid = {B9F16A5F-D822-4085-B144-A5378EFA39CA}
	EndGlobalSection
EndGlobal
