
Microsoft Visual Studio Solution File, Format Version 12.00
# Visual Studio Version 17
VisualStudioVersion = 17.1.32210.238
MinimumVisualStudioVersion = 10.0.40219.1
Project("{FAE04EC0-301F-11D3-BF4B-00C04F79EFBC}") = "Tsystem_Ifelse_statement_greaterthanusing_userinput", "Tsystem_Ifelse_statement_greaterthanusing_userinput\Tsystem_Ifelse_statement_greaterthanusing_userinput.csproj", "{72311DCD-4C9D-43B7-8BC6-8CE5EB9E8E7B}"
EndProject
Global
	GlobalSection(SolutionConfigurationPlatforms) = preSolution
		Debug|Any CPU = Debug|Any CPU
		Release|Any CPU = Release|Any CPU
	EndGlobalSection
	GlobalSection(ProjectConfigurationPlatforms) = postSolution
		{72311DCD-4C9D-43B7-8BC6-8CE5EB9E8E7B}.Debug|Any CPU.ActiveCfg = Debug|Any CPU
		{72311DCD-4C9D-43B7-8BC6-8CE5EB9E8E7B}.Debug|Any CPU.Build.0 = Debug|Any CPU
		{72311DCD-4C9D-43B7-8BC6-8CE5EB9E8E7B}.Release|Any CPU.ActiveCfg = Release|Any CPU
		{72311DCD-4C9D-43B7-8BC6-8CE5EB9E8E7B}.Release|Any CPU.Build.0 = Release|Any CPU
	EndGlobalSection
	GlobalSection(SolutionProperties) = preSolution
		HideSolutionNode = FALSE
	EndGlobalSection
	GlobalSection(ExtensibilityGlobals) = postSolution
		SolutionGuid = {68DCAD90-D21F-4138-845E-0347AAC2DCD4}
	EndGlobalSection
EndGlobal
