
Microsoft Visual Studio Solution File, Format Version 12.00
# Visual Studio Version 17
VisualStudioVersion = 17.1.32210.238
MinimumVisualStudioVersion = 10.0.40219.1
Project("{FAE04EC0-301F-11D3-BF4B-00C04F79EFBC}") = "Tsystem_Unboxing", "Tsystem_Unboxing\Tsystem_Unboxing.csproj", "{0AF54650-B5ED-434C-B229-B4976AC487CC}"
EndProject
Global
	GlobalSection(SolutionConfigurationPlatforms) = preSolution
		Debug|Any CPU = Debug|Any CPU
		Release|Any CPU = Release|Any CPU
	EndGlobalSection
	GlobalSection(ProjectConfigurationPlatforms) = postSolution
		{0AF54650-B5ED-434C-B229-B4976AC487CC}.Debug|Any CPU.ActiveCfg = Debug|Any CPU
		{0AF54650-B5ED-434C-B229-B4976AC487CC}.Debug|Any CPU.Build.0 = Debug|Any CPU
		{0AF54650-B5ED-434C-B229-B4976AC487CC}.Release|Any CPU.ActiveCfg = Release|Any CPU
		{0AF54650-B5ED-434C-B229-B4976AC487CC}.Release|Any CPU.Build.0 = Release|Any CPU
	EndGlobalSection
	GlobalSection(SolutionProperties) = preSolution
		HideSolutionNode = FALSE
	EndGlobalSection
	GlobalSection(ExtensibilityGlobals) = postSolution
		SolutionGuid = {9F1C5F66-84A9-475D-9D14-5352952215EA}
	EndGlobalSection
EndGlobal
